
Microsoft Visual Studio Solution File, Format Version 12.00
# Visual Studio Version 16
VisualStudioVersion = 16.0.29806.167
MinimumVisualStudioVersion = 10.0.40219.1
Project("{FAE04EC0-301F-11D3-BF4B-00C04F79EFBC}") = "BimProjectSetupCLI", "BimProjectSetupCLI\BimProjectSetupCLI.csproj", "{9257F85B-A5E7-464A-9C13-9AAA4864028D}"
EndProject
Project("{FAE04EC0-301F-11D3-BF4B-00C04F79EFBC}") = "BimProjectSetupCommon", "BimProjectSetupCommon\BimProjectSetupCommon.csproj", "{E89BD53E-9D65-4633-8D39-D42494E76C78}"
EndProject
Project("{FAE04EC0-301F-11D3-BF4B-00C04F79EFBC}") = "ForgeBimApi", "ForgeBimApi\ForgeBimApi.csproj", "{53655EB7-B32C-4186-AAFB-F43271B9223E}"
EndProject
Global
	GlobalSection(SolutionConfigurationPlatforms) = preSolution
		Debug|Any CPU = Debug|Any CPU
		Release|Any CPU = Release|Any CPU
	EndGlobalSection
	GlobalSection(ProjectConfigurationPlatforms) = postSolution
		{9257F85B-A5E7-464A-9C13-9AAA4864028D}.Debug|Any CPU.ActiveCfg = Debug|Any CPU
		{9257F85B-A5E7-464A-9C13-9AAA4864028D}.Debug|Any CPU.Build.0 = Debug|Any CPU
		{9257F85B-A5E7-464A-9C13-9AAA4864028D}.Release|Any CPU.ActiveCfg = Release|Any CPU
		{9257F85B-A5E7-464A-9C13-9AAA4864028D}.Release|Any CPU.Build.0 = Release|Any CPU
		{E89BD53E-9D65-4633-8D39-D42494E76C78}.Debug|Any CPU.ActiveCfg = Debug|Any CPU
		{E89BD53E-9D65-4633-8D39-D42494E76C78}.Debug|Any CPU.Build.0 = Debug|Any CPU
		{E89BD53E-9D65-4633-8D39-D42494E76C78}.Release|Any CPU.ActiveCfg = Release|Any CPU
		{E89BD53E-9D65-4633-8D39-D42494E76C78}.Release|Any CPU.Build.0 = Release|Any CPU
		{53655EB7-B32C-4186-AAFB-F43271B9223E}.Debug|Any CPU.ActiveCfg = Debug|Any CPU
		{53655EB7-B32C-4186-AAFB-F43271B9223E}.Debug|Any CPU.Build.0 = Debug|Any CPU
		{53655EB7-B32C-4186-AAFB-F43271B9223E}.Release|Any CPU.ActiveCfg = Release|Any CPU
		{53655EB7-B32C-4186-AAFB-F43271B9223E}.Release|Any CPU.Build.0 = Release|Any CPU
	EndGlobalSection
	GlobalSection(SolutionProperties) = preSolution
		HideSolutionNode = FALSE
	EndGlobalSection
	GlobalSection(ExtensibilityGlobals) = postSolution
		SolutionGuid = {65D7D44A-9894-4414-B7AD-A9B2A810E9C7}
	EndGlobalSection
EndGlobal
